
Microsoft Visual Studio Solution File, Format Version 12.00
# Visual Studio Version 16
VisualStudioVersion = 16.0.30804.86
MinimumVisualStudioVersion = 10.0.40219.1
Project("{2150E333-8FDC-42A3-9474-1A3956D46DE8}") = "Infrastructure", "Infrastructure", "{85370734-2ED5-4670-859F-640F119CB79B}"
EndProject
Project("{2150E333-8FDC-42A3-9474-1A3956D46DE8}") = "Repository", "Repository", "{C76C25C4-AE80-40D8-97A7-4E409B570966}"
EndProject
Project("{2150E333-8FDC-42A3-9474-1A3956D46DE8}") = "Service", "Service", "{F817BC31-F69B-42ED-9455-1B57C29E91E9}"
EndProject
Project("{2150E333-8FDC-42A3-9474-1A3956D46DE8}") = "UI", "UI", "{3E8407FA-6064-422A-B152-52A25B808A19}"
EndProject
Project("{2150E333-8FDC-42A3-9474-1A3956D46DE8}") = "UnitTests", "UnitTests", "{2935CACB-CA28-45C2-8724-91021B53AFC8}"
EndProject
Project("{9A19103F-16F7-4668-BE54-9A1E7A4F7556}") = "FineAdmin.Model", "FineAdmin.Model\FineAdmin.Model.csproj", "{B7EB714B-5D9E-43C7-B134-74EF3C6475F3}"
EndProject
Project("{9A19103F-16F7-4668-BE54-9A1E7A4F7556}") = "FineAdmin.Common", "FineAdmin.Common\FineAdmin.Common.csproj", "{940C72C0-C1AD-4124-B0ED-67ACB9C92E90}"
EndProject
Project("{9A19103F-16F7-4668-BE54-9A1E7A4F7556}") = "FineAdmin.Web", "FineAdmin.Web\FineAdmin.Web.csproj", "{6FC52FC7-B794-45EC-9EDA-64D1DAC62953}"
EndProject
Project("{9A19103F-16F7-4668-BE54-9A1E7A4F7556}") = "DapperExtensions", "DapperExtensions\DapperExtensions.csproj", "{9F707374-B9F3-415B-ADD0-FF685F13F236}"
EndProject
Project("{9A19103F-16F7-4668-BE54-9A1E7A4F7556}") = "FineAdmin.IRepository", "FineAdmin.IRepository\FineAdmin.IRepository.csproj", "{9BBE3A26-EF48-4A10-A356-B52537EB2E23}"
EndProject
Project("{9A19103F-16F7-4668-BE54-9A1E7A4F7556}") = "FineAdmin.Repository", "FineAdmin.Repository\FineAdmin.Repository.csproj", "{4006F8C7-3E80-4C08-8E4D-34EDE24720C5}"
EndProject
Project("{9A19103F-16F7-4668-BE54-9A1E7A4F7556}") = "FineAdmin.IService", "FineAdmin.IService\FineAdmin.IService.csproj", "{F5D42B47-32EF-453A-ACDB-5DD89993113B}"
EndProject
Project("{9A19103F-16F7-4668-BE54-9A1E7A4F7556}") = "FineAdmin.Service", "FineAdmin.Service\FineAdmin.Service.csproj", "{D8D39A53-025A-409B-9E73-7851173500F4}"
EndProject
Project("{FAE04EC0-301F-11D3-BF4B-00C04F79EFBC}") = "FineAdmin.Web.Tests", "FineAdmin.Web.Tests\FineAdmin.Web.Tests.csproj", "{8760B3B8-A015-4BB7-B1D3-3D6130C820B1}"
EndProject
Global
	GlobalSection(SolutionConfigurationPlatforms) = preSolution
		Debug|Any CPU = Debug|Any CPU
		Release|Any CPU = Release|Any CPU
	EndGlobalSection
	GlobalSection(ProjectConfigurationPlatforms) = postSolution
		{B7EB714B-5D9E-43C7-B134-74EF3C6475F3}.Debug|Any CPU.ActiveCfg = Debug|Any CPU
		{B7EB714B-5D9E-43C7-B134-74EF3C6475F3}.Debug|Any CPU.Build.0 = Debug|Any CPU
		{B7EB714B-5D9E-43C7-B134-74EF3C6475F3}.Release|Any CPU.ActiveCfg = Release|Any CPU
		{B7EB714B-5D9E-43C7-B134-74EF3C6475F3}.Release|Any CPU.Build.0 = Release|Any CPU
		{940C72C0-C1AD-4124-B0ED-67ACB9C92E90}.Debug|Any CPU.ActiveCfg = Debug|Any CPU
		{940C72C0-C1AD-4124-B0ED-67ACB9C92E90}.Debug|Any CPU.Build.0 = Debug|Any CPU
		{940C72C0-C1AD-4124-B0ED-67ACB9C92E90}.Release|Any CPU.ActiveCfg = Release|Any CPU
		{940C72C0-C1AD-4124-B0ED-67ACB9C92E90}.Release|Any CPU.Build.0 = Release|Any CPU
		{6FC52FC7-B794-45EC-9EDA-64D1DAC62953}.Debug|Any CPU.ActiveCfg = Debug|Any CPU
		{6FC52FC7-B794-45EC-9EDA-64D1DAC62953}.Debug|Any CPU.Build.0 = Debug|Any CPU
		{6FC52FC7-B794-45EC-9EDA-64D1DAC62953}.Release|Any CPU.ActiveCfg = Release|Any CPU
		{6FC52FC7-B794-45EC-9EDA-64D1DAC62953}.Release|Any CPU.Build.0 = Release|Any CPU
		{9F707374-B9F3-415B-ADD0-FF685F13F236}.Debug|Any CPU.ActiveCfg = Debug|Any CPU
		{9F707374-B9F3-415B-ADD0-FF685F13F236}.Debug|Any CPU.Build.0 = Debug|Any CPU
		{9F707374-B9F3-415B-ADD0-FF685F13F236}.Release|Any CPU.ActiveCfg = Release|Any CPU
		{9F707374-B9F3-415B-ADD0-FF685F13F236}.Release|Any CPU.Build.0 = Release|Any CPU
		{9BBE3A26-EF48-4A10-A356-B52537EB2E23}.Debug|Any CPU.ActiveCfg = Debug|Any CPU
		{9BBE3A26-EF48-4A10-A356-B52537EB2E23}.Debug|Any CPU.Build.0 = Debug|Any CPU
		{9BBE3A26-EF48-4A10-A356-B52537EB2E23}.Release|Any CPU.ActiveCfg = Release|Any CPU
		{9BBE3A26-EF48-4A10-A356-B52537EB2E23}.Release|Any CPU.Build.0 = Release|Any CPU
		{4006F8C7-3E80-4C08-8E4D-34EDE24720C5}.Debug|Any CPU.ActiveCfg = Debug|Any CPU
		{4006F8C7-3E80-4C08-8E4D-34EDE24720C5}.Debug|Any CPU.Build.0 = Debug|Any CPU
		{4006F8C7-3E80-4C08-8E4D-34EDE24720C5}.Release|Any CPU.ActiveCfg = Release|Any CPU
		{4006F8C7-3E80-4C08-8E4D-34EDE24720C5}.Release|Any CPU.Build.0 = Release|Any CPU
		{F5D42B47-32EF-453A-ACDB-5DD89993113B}.Debug|Any CPU.ActiveCfg = Debug|Any CPU
		{F5D42B47-32EF-453A-ACDB-5DD89993113B}.Debug|Any CPU.Build.0 = Debug|Any CPU
		{F5D42B47-32EF-453A-ACDB-5DD89993113B}.Release|Any CPU.ActiveCfg = Release|Any CPU
		{F5D42B47-32EF-453A-ACDB-5DD89993113B}.Release|Any CPU.Build.0 = Release|Any CPU
		{D8D39A53-025A-409B-9E73-7851173500F4}.Debug|Any CPU.ActiveCfg = Debug|Any CPU
		{D8D39A53-025A-409B-9E73-7851173500F4}.Debug|Any CPU.Build.0 = Debug|Any CPU
		{D8D39A53-025A-409B-9E73-7851173500F4}.Release|Any CPU.ActiveCfg = Release|Any CPU
		{D8D39A53-025A-409B-9E73-7851173500F4}.Release|Any CPU.Build.0 = Release|Any CPU
		{8760B3B8-A015-4BB7-B1D3-3D6130C820B1}.Debug|Any CPU.ActiveCfg = Debug|Any CPU
		{8760B3B8-A015-4BB7-B1D3-3D6130C820B1}.Debug|Any CPU.Build.0 = Debug|Any CPU
		{8760B3B8-A015-4BB7-B1D3-3D6130C820B1}.Release|Any CPU.ActiveCfg = Release|Any CPU
		{8760B3B8-A015-4BB7-B1D3-3D6130C820B1}.Release|Any CPU.Build.0 = Release|Any CPU
	EndGlobalSection
	GlobalSection(SolutionProperties) = preSolution
		HideSolutionNode = FALSE
	EndGlobalSection
	GlobalSection(NestedProjects) = preSolution
		{B7EB714B-5D9E-43C7-B134-74EF3C6475F3} = {85370734-2ED5-4670-859F-640F119CB79B}
		{940C72C0-C1AD-4124-B0ED-67ACB9C92E90} = {85370734-2ED5-4670-859F-640F119CB79B}
		{6FC52FC7-B794-45EC-9EDA-64D1DAC62953} = {3E8407FA-6064-422A-B152-52A25B808A19}
		{9F707374-B9F3-415B-ADD0-FF685F13F236} = {85370734-2ED5-4670-859F-640F119CB79B}
		{9BBE3A26-EF48-4A10-A356-B52537EB2E23} = {C76C25C4-AE80-40D8-97A7-4E409B570966}
		{4006F8C7-3E80-4C08-8E4D-34EDE24720C5} = {C76C25C4-AE80-40D8-97A7-4E409B570966}
		{F5D42B47-32EF-453A-ACDB-5DD89993113B} = {F817BC31-F69B-42ED-9455-1B57C29E91E9}
		{D8D39A53-025A-409B-9E73-7851173500F4} = {F817BC31-F69B-42ED-9455-1B57C29E91E9}
		{8760B3B8-A015-4BB7-B1D3-3D6130C820B1} = {2935CACB-CA28-45C2-8724-91021B53AFC8}
	EndGlobalSection
	GlobalSection(ExtensibilityGlobals) = postSolution
		SolutionGuid = {6321E711-EE6A-434A-B136-BE85862BAB70}
	EndGlobalSection
EndGlobal
